
Microsoft Visual Studio Solution File, Format Version 12.00
# Visual Studio Version 16
VisualStudioVersion = 16.0.810.14
MinimumVisualStudioVersion = 10.0.40219.1
Project("{FAE04EC0-301F-11D3-BF4B-00C04F79EFBC}") = "Festival.Server", "Festival\Server\Festival.Server.csproj", "{3D1A470E-ED06-485C-A388-5DDC0F6F0CA9}"
EndProject
Project("{FAE04EC0-301F-11D3-BF4B-00C04F79EFBC}") = "Festival.Client", "Festival\Client\Festival.Client.csproj", "{62929DE0-43B2-49E6-8B37-2480577CBEF1}"
EndProject
Project("{FAE04EC0-301F-11D3-BF4B-00C04F79EFBC}") = "Festival.Shared", "Festival\Shared\Festival.Shared.csproj", "{47E5D55C-FFFA-47CF-A889-06E903D1FBA5}"
EndProject
Global
	GlobalSection(SolutionConfigurationPlatforms) = preSolution
		Debug|Any CPU = Debug|Any CPU
		Release|Any CPU = Release|Any CPU
	EndGlobalSection
	GlobalSection(ProjectConfigurationPlatforms) = postSolution
		{3D1A470E-ED06-485C-A388-5DDC0F6F0CA9}.Debug|Any CPU.ActiveCfg = Debug|Any CPU
		{3D1A470E-ED06-485C-A388-5DDC0F6F0CA9}.Debug|Any CPU.Build.0 = Debug|Any CPU
		{3D1A470E-ED06-485C-A388-5DDC0F6F0CA9}.Release|Any CPU.ActiveCfg = Release|Any CPU
		{3D1A470E-ED06-485C-A388-5DDC0F6F0CA9}.Release|Any CPU.Build.0 = Release|Any CPU
		{62929DE0-43B2-49E6-8B37-2480577CBEF1}.Debug|Any CPU.ActiveCfg = Debug|Any CPU
		{62929DE0-43B2-49E6-8B37-2480577CBEF1}.Debug|Any CPU.Build.0 = Debug|Any CPU
		{62929DE0-43B2-49E6-8B37-2480577CBEF1}.Release|Any CPU.ActiveCfg = Release|Any CPU
		{62929DE0-43B2-49E6-8B37-2480577CBEF1}.Release|Any CPU.Build.0 = Release|Any CPU
		{47E5D55C-FFFA-47CF-A889-06E903D1FBA5}.Debug|Any CPU.ActiveCfg = Debug|Any CPU
		{47E5D55C-FFFA-47CF-A889-06E903D1FBA5}.Debug|Any CPU.Build.0 = Debug|Any CPU
		{47E5D55C-FFFA-47CF-A889-06E903D1FBA5}.Release|Any CPU.ActiveCfg = Release|Any CPU
		{47E5D55C-FFFA-47CF-A889-06E903D1FBA5}.Release|Any CPU.Build.0 = Release|Any CPU
	EndGlobalSection
	GlobalSection(SolutionProperties) = preSolution
		HideSolutionNode = FALSE
	EndGlobalSection
	GlobalSection(ExtensibilityGlobals) = postSolution
		SolutionGuid = {94B13193-A5A5-4A0C-AF71-4E7555400265}
	EndGlobalSection
EndGlobal
